// !$*UTF8*$!
{
	archiveVersion = 1;
	classes = {
	};
	objectVersion = 56;
	objects = {

/* Begin PBXBuildFile section */
		77973F0429A257FF00CAF7E4 /* GameViewController.swift in Sources */ = {isa = PBXBuildFile; fileRef = 77973F0229A257FF00CAF7E4 /* GameViewController.swift */; };
		77973F0729A2628900CAF7E4 /* GameViewController.xib in Resources */ = {isa = PBXBuildFile; fileRef = 77973F0329A257FF00CAF7E4 /* GameViewController.xib */; };
		77973F0D29A265B600CAF7E4 /* SceneDelegate.swift in Sources */ = {isa = PBXBuildFile; fileRef = 77973F0C29A265B600CAF7E4 /* SceneDelegate.swift */; };
		779902C529A0B940005A2D2E /* AppDelegate.swift in Sources */ = {isa = PBXBuildFile; fileRef = 779902C429A0B940005A2D2E /* AppDelegate.swift */; };
		779902D229A0B943005A2D2E /* Assets.xcassets in Resources */ = {isa = PBXBuildFile; fileRef = 779902D129A0B943005A2D2E /* Assets.xcassets */; };
		779902D529A0B943005A2D2E /* LaunchScreen.storyboard in Resources */ = {isa = PBXBuildFile; fileRef = 779902D329A0B943005A2D2E /* LaunchScreen.storyboard */; };
		779902EA29A0BCC1005A2D2E /* FinalRouter.swift in Sources */ = {isa = PBXBuildFile; fileRef = 779902E329A0BCC1005A2D2E /* FinalRouter.swift */; };
		779902ED29A0BCC1005A2D2E /* FinalPresenter.swift in Sources */ = {isa = PBXBuildFile; fileRef = 779902E629A0BCC1005A2D2E /* FinalPresenter.swift */; };
		779902EE29A0BCC1005A2D2E /* FinalViewModel.swift in Sources */ = {isa = PBXBuildFile; fileRef = 779902E729A0BCC1005A2D2E /* FinalViewModel.swift */; };
		779902EF29A0BCC1005A2D2E /* FinalAssembly.swift in Sources */ = {isa = PBXBuildFile; fileRef = 779902E829A0BCC1005A2D2E /* FinalAssembly.swift */; };
		779902F029A0BCC1005A2D2E /* FinalViewModelFactory.swift in Sources */ = {isa = PBXBuildFile; fileRef = 779902E929A0BCC1005A2D2E /* FinalViewModelFactory.swift */; };
		779902F329A0BD55005A2D2E /* Network.swift in Sources */ = {isa = PBXBuildFile; fileRef = 779902F229A0BD55005A2D2E /* Network.swift */; };
		779902F629A0BD80005A2D2E /* Wish.swift in Sources */ = {isa = PBXBuildFile; fileRef = 779902F529A0BD80005A2D2E /* Wish.swift */; };
		779902FA29A0BDBB005A2D2E /* UIViewController+extensions.swift in Sources */ = {isa = PBXBuildFile; fileRef = 779902F929A0BDBB005A2D2E /* UIViewController+extensions.swift */; };
		779902FC29A0BDCF005A2D2E /* UIView+extensions.swift in Sources */ = {isa = PBXBuildFile; fileRef = 779902FB29A0BDCF005A2D2E /* UIView+extensions.swift */; };
		779902FE29A0BDE6005A2D2E /* UDStorage.swift in Sources */ = {isa = PBXBuildFile; fileRef = 779902FD29A0BDE6005A2D2E /* UDStorage.swift */; };
		7799030129A0BE26005A2D2E /* FinalViewController.swift in Sources */ = {isa = PBXBuildFile; fileRef = 779902FF29A0BE26005A2D2E /* FinalViewController.swift */; };
		7799030229A0BE26005A2D2E /* FinalViewController.xib in Resources */ = {isa = PBXBuildFile; fileRef = 7799030029A0BE26005A2D2E /* FinalViewController.xib */; };
		7799030829A0C82E005A2D2E /* GamePresenter.swift in Sources */ = {isa = PBXBuildFile; fileRef = 7799030729A0C82E005A2D2E /* GamePresenter.swift */; };
		7799030B29A0C898005A2D2E /* GameVcAssembly.swift in Sources */ = {isa = PBXBuildFile; fileRef = 7799030A29A0C898005A2D2E /* GameVcAssembly.swift */; };
		7799030D29A0C8C4005A2D2E /* GameViewModelFactory.swift in Sources */ = {isa = PBXBuildFile; fileRef = 7799030C29A0C8C4005A2D2E /* GameViewModelFactory.swift */; };
		7799030F29A0C8FF005A2D2E /* GameViewModel.swift in Sources */ = {isa = PBXBuildFile; fileRef = 7799030E29A0C8FF005A2D2E /* GameViewModel.swift */; };
		7799031129A0C93E005A2D2E /* GameRouter.swift in Sources */ = {isa = PBXBuildFile; fileRef = 7799031029A0C93E005A2D2E /* GameRouter.swift */; };
		7799031329A13D82005A2D2E /* SKLabelNode+extensions.swift in Sources */ = {isa = PBXBuildFile; fileRef = 7799031229A13D82005A2D2E /* SKLabelNode+extensions.swift */; };
		7799032529A213BB005A2D2E /* CorrectSpark.sks in Resources */ = {isa = PBXBuildFile; fileRef = 7799032429A213BB005A2D2E /* CorrectSpark.sks */; };
/* End PBXBuildFile section */

/* Begin PBXFileReference section */
		77973F0129A2350100CAF7E4 /* Info.plist */ = {isa = PBXFileReference; lastKnownFileType = text.plist; path = Info.plist; sourceTree = "<group>"; };
		77973F0229A257FF00CAF7E4 /* GameViewController.swift */ = {isa = PBXFileReference; lastKnownFileType = sourcecode.swift; path = GameViewController.swift; sourceTree = "<group>"; };
		77973F0329A257FF00CAF7E4 /* GameViewController.xib */ = {isa = PBXFileReference; lastKnownFileType = file.xib; name = GameViewController.xib; path = FollowTheOrderGame/Screens/GameVC/Views/GameViewController.xib; sourceTree = SOURCE_ROOT; };
		77973F0C29A265B600CAF7E4 /* SceneDelegate.swift */ = {isa = PBXFileReference; lastKnownFileType = sourcecode.swift; path = SceneDelegate.swift; sourceTree = "<group>"; };
		779902C129A0B940005A2D2E /* FollowTheOrderGame.app */ = {isa = PBXFileReference; explicitFileType = wrapper.application; includeInIndex = 0; path = FollowTheOrderGame.app; sourceTree = BUILT_PRODUCTS_DIR; };
		779902C429A0B940005A2D2E /* AppDelegate.swift */ = {isa = PBXFileReference; lastKnownFileType = sourcecode.swift; path = AppDelegate.swift; sourceTree = "<group>"; };
		779902D129A0B943005A2D2E /* Assets.xcassets */ = {isa = PBXFileReference; lastKnownFileType = folder.assetcatalog; path = Assets.xcassets; sourceTree = "<group>"; };
		779902D429A0B943005A2D2E /* Base */ = {isa = PBXFileReference; lastKnownFileType = file.storyboard; name = Base; path = Base.lproj/LaunchScreen.storyboard; sourceTree = "<group>"; };
		779902E329A0BCC1005A2D2E /* FinalRouter.swift */ = {isa = PBXFileReference; lastKnownFileType = sourcecode.swift; path = FinalRouter.swift; sourceTree = "<group>"; };
		779902E629A0BCC1005A2D2E /* FinalPresenter.swift */ = {isa = PBXFileReference; lastKnownFileType = sourcecode.swift; path = FinalPresenter.swift; sourceTree = "<group>"; };
		779902E729A0BCC1005A2D2E /* FinalViewModel.swift */ = {isa = PBXFileReference; lastKnownFileType = sourcecode.swift; path = FinalViewModel.swift; sourceTree = "<group>"; };
		779902E829A0BCC1005A2D2E /* FinalAssembly.swift */ = {isa = PBXFileReference; lastKnownFileType = sourcecode.swift; path = FinalAssembly.swift; sourceTree = "<group>"; };
		779902E929A0BCC1005A2D2E /* FinalViewModelFactory.swift */ = {isa = PBXFileReference; lastKnownFileType = sourcecode.swift; path = FinalViewModelFactory.swift; sourceTree = "<group>"; };
		779902F229A0BD55005A2D2E /* Network.swift */ = {isa = PBXFileReference; lastKnownFileType = sourcecode.swift; path = Network.swift; sourceTree = "<group>"; };
		779902F529A0BD80005A2D2E /* Wish.swift */ = {isa = PBXFileReference; lastKnownFileType = sourcecode.swift; path = Wish.swift; sourceTree = "<group>"; };
		779902F929A0BDBB005A2D2E /* UIViewController+extensions.swift */ = {isa = PBXFileReference; lastKnownFileType = sourcecode.swift; path = "UIViewController+extensions.swift"; sourceTree = "<group>"; };
		779902FB29A0BDCF005A2D2E /* UIView+extensions.swift */ = {isa = PBXFileReference; lastKnownFileType = sourcecode.swift; path = "UIView+extensions.swift"; sourceTree = "<group>"; };
		779902FD29A0BDE6005A2D2E /* UDStorage.swift */ = {isa = PBXFileReference; lastKnownFileType = sourcecode.swift; path = UDStorage.swift; sourceTree = "<group>"; };
		779902FF29A0BE26005A2D2E /* FinalViewController.swift */ = {isa = PBXFileReference; lastKnownFileType = sourcecode.swift; path = FinalViewController.swift; sourceTree = "<group>"; };
		7799030029A0BE26005A2D2E /* FinalViewController.xib */ = {isa = PBXFileReference; lastKnownFileType = file.xib; path = FinalViewController.xib; sourceTree = "<group>"; };
		7799030729A0C82E005A2D2E /* GamePresenter.swift */ = {isa = PBXFileReference; lastKnownFileType = sourcecode.swift; path = GamePresenter.swift; sourceTree = "<group>"; };
		7799030A29A0C898005A2D2E /* GameVcAssembly.swift */ = {isa = PBXFileReference; lastKnownFileType = sourcecode.swift; path = GameVcAssembly.swift; sourceTree = "<group>"; };
		7799030C29A0C8C4005A2D2E /* GameViewModelFactory.swift */ = {isa = PBXFileReference; lastKnownFileType = sourcecode.swift; path = GameViewModelFactory.swift; sourceTree = "<group>"; };
		7799030E29A0C8FF005A2D2E /* GameViewModel.swift */ = {isa = PBXFileReference; lastKnownFileType = sourcecode.swift; path = GameViewModel.swift; sourceTree = "<group>"; };
		7799031029A0C93E005A2D2E /* GameRouter.swift */ = {isa = PBXFileReference; lastKnownFileType = sourcecode.swift; path = GameRouter.swift; sourceTree = "<group>"; };
		7799031229A13D82005A2D2E /* SKLabelNode+extensions.swift */ = {isa = PBXFileReference; lastKnownFileType = sourcecode.swift; path = "SKLabelNode+extensions.swift"; sourceTree = "<group>"; };
		7799032429A213BB005A2D2E /* CorrectSpark.sks */ = {isa = PBXFileReference; lastKnownFileType = file.sks; path = CorrectSpark.sks; sourceTree = "<group>"; };
/* End PBXFileReference section */

/* Begin PBXFrameworksBuildPhase section */
		779902BE29A0B940005A2D2E /* Frameworks */ = {
			isa = PBXFrameworksBuildPhase;
			buildActionMask = 2147483647;
			files = (
			);
			runOnlyForDeploymentPostprocessing = 0;
		};
/* End PBXFrameworksBuildPhase section */

/* Begin PBXGroup section */
		77973F0629A2591D00CAF7E4 /* Views */ = {
			isa = PBXGroup;
			children = (
				77973F0229A257FF00CAF7E4 /* GameViewController.swift */,
				77973F0329A257FF00CAF7E4 /* GameViewController.xib */,
			);
			path = Views;
			sourceTree = "<group>";
		};
		779902B829A0B940005A2D2E = {
			isa = PBXGroup;
			children = (
				779902C329A0B940005A2D2E /* FollowTheOrderGame */,
				779902C229A0B940005A2D2E /* Products */,
			);
			sourceTree = "<group>";
		};
		779902C229A0B940005A2D2E /* Products */ = {
			isa = PBXGroup;
			children = (
				779902C129A0B940005A2D2E /* FollowTheOrderGame.app */,
			);
			name = Products;
			sourceTree = "<group>";
		};
		779902C329A0B940005A2D2E /* FollowTheOrderGame */ = {
			isa = PBXGroup;
			children = (
				77973F0129A2350100CAF7E4 /* Info.plist */,
				779902F829A0BDA6005A2D2E /* Extensions */,
				779902F729A0BDA1005A2D2E /* Storage */,
				779902F129A0BD4A005A2D2E /* Network */,
				779902DD29A0BC14005A2D2E /* Screens */,
				779902C429A0B940005A2D2E /* AppDelegate.swift */,
				779902D129A0B943005A2D2E /* Assets.xcassets */,
				779902D329A0B943005A2D2E /* LaunchScreen.storyboard */,
				7799032429A213BB005A2D2E /* CorrectSpark.sks */,
				77973F0C29A265B600CAF7E4 /* SceneDelegate.swift */,
			);
			path = FollowTheOrderGame;
			sourceTree = "<group>";
		};
		779902DD29A0BC14005A2D2E /* Screens */ = {
			isa = PBXGroup;
			children = (
				7799030929A0C87B005A2D2E /* GameVC */,
				7799030429A0BE76005A2D2E /* FinalVC */,
			);
			path = Screens;
			sourceTree = "<group>";
		};
		779902F129A0BD4A005A2D2E /* Network */ = {
			isa = PBXGroup;
			children = (
				779902F429A0BD6F005A2D2E /* Model */,
				779902F229A0BD55005A2D2E /* Network.swift */,
			);
			path = Network;
			sourceTree = "<group>";
		};
		779902F429A0BD6F005A2D2E /* Model */ = {
			isa = PBXGroup;
			children = (
				779902F529A0BD80005A2D2E /* Wish.swift */,
			);
			path = Model;
			sourceTree = "<group>";
		};
		779902F729A0BDA1005A2D2E /* Storage */ = {
			isa = PBXGroup;
			children = (
				779902FD29A0BDE6005A2D2E /* UDStorage.swift */,
			);
			path = Storage;
			sourceTree = "<group>";
		};
		779902F829A0BDA6005A2D2E /* Extensions */ = {
			isa = PBXGroup;
			children = (
				779902F929A0BDBB005A2D2E /* UIViewController+extensions.swift */,
				779902FB29A0BDCF005A2D2E /* UIView+extensions.swift */,
				7799031229A13D82005A2D2E /* SKLabelNode+extensions.swift */,
			);
			path = Extensions;
			sourceTree = "<group>";
		};
		7799030329A0BE66005A2D2E /* Views */ = {
			isa = PBXGroup;
			children = (
				779902FF29A0BE26005A2D2E /* FinalViewController.swift */,
				7799030029A0BE26005A2D2E /* FinalViewController.xib */,
			);
			path = Views;
			sourceTree = "<group>";
		};
		7799030429A0BE76005A2D2E /* FinalVC */ = {
			isa = PBXGroup;
			children = (
				7799030629A0BE99005A2D2E /* ViewModelFactory */,
				7799030529A0BE85005A2D2E /* ViewModel */,
				7799030329A0BE66005A2D2E /* Views */,
				779902E329A0BCC1005A2D2E /* FinalRouter.swift */,
				779902E629A0BCC1005A2D2E /* FinalPresenter.swift */,
				779902E829A0BCC1005A2D2E /* FinalAssembly.swift */,
			);
			path = FinalVC;
			sourceTree = "<group>";
		};
		7799030529A0BE85005A2D2E /* ViewModel */ = {
			isa = PBXGroup;
			children = (
				779902E729A0BCC1005A2D2E /* FinalViewModel.swift */,
			);
			path = ViewModel;
			sourceTree = "<group>";
		};
		7799030629A0BE99005A2D2E /* ViewModelFactory */ = {
			isa = PBXGroup;
			children = (
				779902E929A0BCC1005A2D2E /* FinalViewModelFactory.swift */,
			);
			path = ViewModelFactory;
			sourceTree = "<group>";
		};
		7799030929A0C87B005A2D2E /* GameVC */ = {
			isa = PBXGroup;
			children = (
				77A4BD5329A26B3900F7DE14 /* ViewModelFactory */,
				77A4BD5229A26B2D00F7DE14 /* ViewModels */,
				77973F0629A2591D00CAF7E4 /* Views */,
				7799030729A0C82E005A2D2E /* GamePresenter.swift */,
				7799030A29A0C898005A2D2E /* GameVcAssembly.swift */,
				7799031029A0C93E005A2D2E /* GameRouter.swift */,
			);
			path = GameVC;
			sourceTree = "<group>";
		};
		77A4BD5229A26B2D00F7DE14 /* ViewModels */ = {
			isa = PBXGroup;
			children = (
				7799030E29A0C8FF005A2D2E /* GameViewModel.swift */,
			);
			path = ViewModels;
			sourceTree = "<group>";
		};
		77A4BD5329A26B3900F7DE14 /* ViewModelFactory */ = {
			isa = PBXGroup;
			children = (
				7799030C29A0C8C4005A2D2E /* GameViewModelFactory.swift */,
			);
			path = ViewModelFactory;
			sourceTree = "<group>";
		};
/* End PBXGroup section */

/* Begin PBXNativeTarget section */
		779902C029A0B940005A2D2E /* FollowTheOrderGame */ = {
			isa = PBXNativeTarget;
			buildConfigurationList = 779902D829A0B943005A2D2E /* Build configuration list for PBXNativeTarget "FollowTheOrderGame" */;
			buildPhases = (
				779902BD29A0B940005A2D2E /* Sources */,
				779902BE29A0B940005A2D2E /* Frameworks */,
				779902BF29A0B940005A2D2E /* Resources */,
			);
			buildRules = (
			);
			dependencies = (
			);
			name = FollowTheOrderGame;
			productName = FollowTheOrderGame;
			productReference = 779902C129A0B940005A2D2E /* FollowTheOrderGame.app */;
			productType = "com.apple.product-type.application";
		};
/* End PBXNativeTarget section */

/* Begin PBXProject section */
		779902B929A0B940005A2D2E /* Project object */ = {
			isa = PBXProject;
			attributes = {
				BuildIndependentTargetsInParallel = 1;
				KnownAssetTags = (
					GameViewController,
				);
				LastSwiftUpdateCheck = 1420;
				LastUpgradeCheck = 1420;
				TargetAttributes = {
					779902C029A0B940005A2D2E = {
						CreatedOnToolsVersion = 14.2;
					};
				};
			};
			buildConfigurationList = 779902BC29A0B940005A2D2E /* Build configuration list for PBXProject "FollowTheOrderGame" */;
			compatibilityVersion = "Xcode 14.0";
			developmentRegion = en;
			hasScannedForEncodings = 0;
			knownRegions = (
				en,
				Base,
			);
			mainGroup = 779902B829A0B940005A2D2E;
			productRefGroup = 779902C229A0B940005A2D2E /* Products */;
			projectDirPath = "";
			projectRoot = "";
			targets = (
				779902C029A0B940005A2D2E /* FollowTheOrderGame */,
			);
		};
/* End PBXProject section */

/* Begin PBXResourcesBuildPhase section */
		779902BF29A0B940005A2D2E /* Resources */ = {
			isa = PBXResourcesBuildPhase;
			buildActionMask = 2147483647;
			files = (
				7799032529A213BB005A2D2E /* CorrectSpark.sks in Resources */,
				779902D229A0B943005A2D2E /* Assets.xcassets in Resources */,
				779902D529A0B943005A2D2E /* LaunchScreen.storyboard in Resources */,
				77973F0729A2628900CAF7E4 /* GameViewController.xib in Resources */,
				7799030229A0BE26005A2D2E /* FinalViewController.xib in Resources */,
			);
			runOnlyForDeploymentPostprocessing = 0;
		};
/* End PBXResourcesBuildPhase section */

/* Begin PBXSourcesBuildPhase section */
		779902BD29A0B940005A2D2E /* Sources */ = {
			isa = PBXSourcesBuildPhase;
			buildActionMask = 2147483647;
			files = (
				7799030F29A0C8FF005A2D2E /* GameViewModel.swift in Sources */,
				779902F329A0BD55005A2D2E /* Network.swift in Sources */,
				7799031329A13D82005A2D2E /* SKLabelNode+extensions.swift in Sources */,
				77973F0429A257FF00CAF7E4 /* GameViewController.swift in Sources */,
				7799030129A0BE26005A2D2E /* FinalViewController.swift in Sources */,
				7799030B29A0C898005A2D2E /* GameVcAssembly.swift in Sources */,
				77973F0D29A265B600CAF7E4 /* SceneDelegate.swift in Sources */,
				779902F629A0BD80005A2D2E /* Wish.swift in Sources */,
				779902F029A0BCC1005A2D2E /* FinalViewModelFactory.swift in Sources */,
				779902EF29A0BCC1005A2D2E /* FinalAssembly.swift in Sources */,
				779902FE29A0BDE6005A2D2E /* UDStorage.swift in Sources */,
				779902FA29A0BDBB005A2D2E /* UIViewController+extensions.swift in Sources */,
				779902FC29A0BDCF005A2D2E /* UIView+extensions.swift in Sources */,
				7799030829A0C82E005A2D2E /* GamePresenter.swift in Sources */,
				779902ED29A0BCC1005A2D2E /* FinalPresenter.swift in Sources */,
				7799030D29A0C8C4005A2D2E /* GameViewModelFactory.swift in Sources */,
				779902EE29A0BCC1005A2D2E /* FinalViewModel.swift in Sources */,
				7799031129A0C93E005A2D2E /* GameRouter.swift in Sources */,
				779902C529A0B940005A2D2E /* AppDelegate.swift in Sources */,
				779902EA29A0BCC1005A2D2E /* FinalRouter.swift in Sources */,
			);
			runOnlyForDeploymentPostprocessing = 0;
		};
/* End PBXSourcesBuildPhase section */

/* Begin PBXVariantGroup section */
		779902D329A0B943005A2D2E /* LaunchScreen.storyboard */ = {
			isa = PBXVariantGroup;
			children = (
				779902D429A0B943005A2D2E /* Base */,
			);
			name = LaunchScreen.storyboard;
			sourceTree = "<group>";
		};
/* End PBXVariantGroup section */

/* Begin XCBuildConfiguration section */
		779902D629A0B943005A2D2E /* Debug */ = {
			isa = XCBuildConfiguration;
			buildSettings = {
				ALWAYS_SEARCH_USER_PATHS = NO;
				CLANG_ANALYZER_NONNULL = YES;
				CLANG_ANALYZER_NUMBER_OBJECT_CONVERSION = YES_AGGRESSIVE;
				CLANG_CXX_LANGUAGE_STANDARD = "gnu++20";
				CLANG_ENABLE_MODULES = YES;
				CLANG_ENABLE_OBJC_ARC = YES;
				CLANG_ENABLE_OBJC_WEAK = YES;
				CLANG_WARN_BLOCK_CAPTURE_AUTORELEASING = YES;
				CLANG_WARN_BOOL_CONVERSION = YES;
				CLANG_WARN_COMMA = YES;
				CLANG_WARN_CONSTANT_CONVERSION = YES;
				CLANG_WARN_DEPRECATED_OBJC_IMPLEMENTATIONS = YES;
				CLANG_WARN_DIRECT_OBJC_ISA_USAGE = YES_ERROR;
				CLANG_WARN_DOCUMENTATION_COMMENTS = YES;
				CLANG_WARN_EMPTY_BODY = YES;
				CLANG_WARN_ENUM_CONVERSION = YES;
				CLANG_WARN_INFINITE_RECURSION = YES;
				CLANG_WARN_INT_CONVERSION = YES;
				CLANG_WARN_NON_LITERAL_NULL_CONVERSION = YES;
				CLANG_WARN_OBJC_IMPLICIT_RETAIN_SELF = YES;
				CLANG_WARN_OBJC_LITERAL_CONVERSION = YES;
				CLANG_WARN_OBJC_ROOT_CLASS = YES_ERROR;
				CLANG_WARN_QUOTED_INCLUDE_IN_FRAMEWORK_HEADER = YES;
				CLANG_WARN_RANGE_LOOP_ANALYSIS = YES;
				CLANG_WARN_STRICT_PROTOTYPES = YES;
				CLANG_WARN_SUSPICIOUS_MOVE = YES;
				CLANG_WARN_UNGUARDED_AVAILABILITY = YES_AGGRESSIVE;
				CLANG_WARN_UNREACHABLE_CODE = YES;
				CLANG_WARN__DUPLICATE_METHOD_MATCH = YES;
				COPY_PHASE_STRIP = NO;
				DEBUG_INFORMATION_FORMAT = dwarf;
				ENABLE_STRICT_OBJC_MSGSEND = YES;
				ENABLE_TESTABILITY = YES;
				GCC_C_LANGUAGE_STANDARD = gnu11;
				GCC_DYNAMIC_NO_PIC = NO;
				GCC_NO_COMMON_BLOCKS = YES;
				GCC_OPTIMIZATION_LEVEL = 0;
				GCC_PREPROCESSOR_DEFINITIONS = (
					"DEBUG=1",
					"$(inherited)",
				);
				GCC_WARN_64_TO_32_BIT_CONVERSION = YES;
				GCC_WARN_ABOUT_RETURN_TYPE = YES_ERROR;
				GCC_WARN_UNDECLARED_SELECTOR = YES;
				GCC_WARN_UNINITIALIZED_AUTOS = YES_AGGRESSIVE;
				GCC_WARN_UNUSED_FUNCTION = YES;
				GCC_WARN_UNUSED_VARIABLE = YES;
				IPHONEOS_DEPLOYMENT_TARGET = 16.2;
				MTL_ENABLE_DEBUG_INFO = INCLUDE_SOURCE;
				MTL_FAST_MATH = YES;
				ONLY_ACTIVE_ARCH = YES;
				SDKROOT = iphoneos;
				SWIFT_ACTIVE_COMPILATION_CONDITIONS = DEBUG;
				SWIFT_OPTIMIZATION_LEVEL = "-Onone";
			};
			name = Debug;
		};
		779902D729A0B943005A2D2E /* Release */ = {
			isa = XCBuildConfiguration;
			buildSettings = {
				ALWAYS_SEARCH_USER_PATHS = NO;
				CLANG_ANALYZER_NONNULL = YES;
				CLANG_ANALYZER_NUMBER_OBJECT_CONVERSION = YES_AGGRESSIVE;
				CLANG_CXX_LANGUAGE_STANDARD = "gnu++20";
				CLANG_ENABLE_MODULES = YES;
				CLANG_ENABLE_OBJC_ARC = YES;
				CLANG_ENABLE_OBJC_WEAK = YES;
				CLANG_WARN_BLOCK_CAPTURE_AUTORELEASING = YES;
				CLANG_WARN_BOOL_CONVERSION = YES;
				CLANG_WARN_COMMA = YES;
				CLANG_WARN_CONSTANT_CONVERSION = YES;
				CLANG_WARN_DEPRECATED_OBJC_IMPLEMENTATIONS = YES;
				CLANG_WARN_DIRECT_OBJC_ISA_USAGE = YES_ERROR;
				CLANG_WARN_DOCUMENTATION_COMMENTS = YES;
				CLANG_WARN_EMPTY_BODY = YES;
				CLANG_WARN_ENUM_CONVERSION = YES;
				CLANG_WARN_INFINITE_RECURSION = YES;
				CLANG_WARN_INT_CONVERSION = YES;
				CLANG_WARN_NON_LITERAL_NULL_CONVERSION = YES;
				CLANG_WARN_OBJC_IMPLICIT_RETAIN_SELF = YES;
				CLANG_WARN_OBJC_LITERAL_CONVERSION = YES;
				CLANG_WARN_OBJC_ROOT_CLASS = YES_ERROR;
				CLANG_WARN_QUOTED_INCLUDE_IN_FRAMEWORK_HEADER = YES;
				CLANG_WARN_RANGE_LOOP_ANALYSIS = YES;
				CLANG_WARN_STRICT_PROTOTYPES = YES;
				CLANG_WARN_SUSPICIOUS_MOVE = YES;
				CLANG_WARN_UNGUARDED_AVAILABILITY = YES_AGGRESSIVE;
				CLANG_WARN_UNREACHABLE_CODE = YES;
				CLANG_WARN__DUPLICATE_METHOD_MATCH = YES;
				COPY_PHASE_STRIP = NO;
				DEBUG_INFORMATION_FORMAT = "dwarf-with-dsym";
				ENABLE_NS_ASSERTIONS = NO;
				ENABLE_STRICT_OBJC_MSGSEND = YES;
				GCC_C_LANGUAGE_STANDARD = gnu11;
				GCC_NO_COMMON_BLOCKS = YES;
				GCC_WARN_64_TO_32_BIT_CONVERSION = YES;
				GCC_WARN_ABOUT_RETURN_TYPE = YES_ERROR;
				GCC_WARN_UNDECLARED_SELECTOR = YES;
				GCC_WARN_UNINITIALIZED_AUTOS = YES_AGGRESSIVE;
				GCC_WARN_UNUSED_FUNCTION = YES;
				GCC_WARN_UNUSED_VARIABLE = YES;
				IPHONEOS_DEPLOYMENT_TARGET = 16.2;
				MTL_ENABLE_DEBUG_INFO = NO;
				MTL_FAST_MATH = YES;
				SDKROOT = iphoneos;
				SWIFT_COMPILATION_MODE = wholemodule;
				SWIFT_OPTIMIZATION_LEVEL = "-O";
				VALIDATE_PRODUCT = YES;
			};
			name = Release;
		};
		779902D929A0B943005A2D2E /* Debug */ = {
			isa = XCBuildConfiguration;
			buildSettings = {
				ASSETCATALOG_COMPILER_APPICON_NAME = AppIcon;
				ASSETCATALOG_COMPILER_GLOBAL_ACCENT_COLOR_NAME = AccentColor;
				CODE_SIGN_STYLE = Automatic;
				CURRENT_PROJECT_VERSION = 1;
				DEVELOPMENT_TEAM = YZ3T5TH4PG;
				GENERATE_INFOPLIST_FILE = YES;
				INFOPLIST_FILE = FollowTheOrderGame/Info.plist;
				INFOPLIST_KEY_LSApplicationCategoryType = "public.app-category.games";
				INFOPLIST_KEY_NSMainNibFile = "";
				INFOPLIST_KEY_UIApplicationSceneManifest_Generation = NO;
				INFOPLIST_KEY_UIApplicationSupportsIndirectInputEvents = YES;
				INFOPLIST_KEY_UILaunchStoryboardName = LaunchScreen;
				INFOPLIST_KEY_UIStatusBarHidden = YES;
				INFOPLIST_KEY_UISupportedInterfaceOrientations = UIInterfaceOrientationPortrait;
				IPHONEOS_DEPLOYMENT_TARGET = 16.0;
				LD_RUNPATH_SEARCH_PATHS = (
					"$(inherited)",
					"@executable_path/Frameworks",
				);
				MARKETING_VERSION = 1.0;
				PRODUCT_BUNDLE_IDENTIFIER = andrei.FollowTheOrderGame;
				PRODUCT_NAME = "$(TARGET_NAME)";
				SWIFT_EMIT_LOC_STRINGS = YES;
				SWIFT_VERSION = 5.0;
				TARGETED_DEVICE_FAMILY = "1,2";
			};
			name = Debug;
		};
		779902DA29A0B943005A2D2E /* Release */ = {
			isa = XCBuildConfiguration;
			buildSettings = {
				ASSETCATALOG_COMPILER_APPICON_NAME = AppIcon;
				ASSETCATALOG_COMPILER_GLOBAL_ACCENT_COLOR_NAME = AccentColor;
				CODE_SIGN_STYLE = Automatic;
				CURRENT_PROJECT_VERSION = 1;
				DEVELOPMENT_TEAM = YZ3T5TH4PG;
				GENERATE_INFOPLIST_FILE = YES;
				INFOPLIST_FILE = FollowTheOrderGame/Info.plist;
				INFOPLIST_KEY_LSApplicationCategoryType = "public.app-category.games";
				INFOPLIST_KEY_NSMainNibFile = "";
				INFOPLIST_KEY_UIApplicationSceneManifest_Generation = NO;
				INFOPLIST_KEY_UIApplicationSupportsIndirectInputEvents = YES;
				INFOPLIST_KEY_UILaunchStoryboardName = LaunchScreen;
				INFOPLIST_KEY_UIStatusBarHidden = YES;
				INFOPLIST_KEY_UISupportedInterfaceOrientations = UIInterfaceOrientationPortrait;
				IPHONEOS_DEPLOYMENT_TARGET = 16.0;
				LD_RUNPATH_SEARCH_PATHS = (
					"$(inherited)",
					"@executable_path/Frameworks",
				);
				MARKETING_VERSION = 1.0;
				PRODUCT_BUNDLE_IDENTIFIER = andrei.FollowTheOrderGame;
				PRODUCT_NAME = "$(TARGET_NAME)";
				SWIFT_EMIT_LOC_STRINGS = YES;
				SWIFT_VERSION = 5.0;
				TARGETED_DEVICE_FAMILY = "1,2";
			};
			name = Release;
		};
/* End XCBuildConfiguration section */

/* Begin XCConfigurationList section */
		779902BC29A0B940005A2D2E /* Build configuration list for PBXProject "FollowTheOrderGame" */ = {
			isa = XCConfigurationList;
			buildConfigurations = (
				779902D629A0B943005A2D2E /* Debug */,
				779902D729A0B943005A2D2E /* Release */,
			);
			defaultConfigurationIsVisible = 0;
			defaultConfigurationName = Release;
		};
		779902D829A0B943005A2D2E /* Build configuration list for PBXNativeTarget "FollowTheOrderGame" */ = {
			isa = XCConfigurationList;
			buildConfigurations = (
				779902D929A0B943005A2D2E /* Debug */,
				779902DA29A0B943005A2D2E /* Release */,
			);
			defaultConfigurationIsVisible = 0;
			defaultConfigurationName = Release;
		};
/* End XCConfigurationList section */
	};
	rootObject = 779902B929A0B940005A2D2E /* Project object */;
}
